<?xml version="1.0" encoding="utf-8"?>
<Project ToolsVersion="4.0" xmlns="http://schemas.microsoft.com/developer/msbuild/2003">
  <ItemGroup>
    <Filter Include="Source Files">
      <UniqueIdentifier>{4FC737F1-C7A5-4376-A066-2A32D752A2FF}</UniqueIdentifier>
      <Extensions>cpp;c;cc;cxx;def;odl;idl;hpj;bat;asm;asmx</Extensions>
    </Filter>
    <Filter Include="Header Files">
      <UniqueIdentifier>{93995380-89BD-4b04-88EB-625FBE52EBFB}</UniqueIdentifier>
      <Extensions>h;hh;hpp;hxx;hm;inl;inc;xsd</Extensions>
    </Filter>
    <Filter Include="Resource Files">
      <UniqueIdentifier>{67DA6AB6-F800-4c08-8B7A-83BB121AAD01}</UniqueIdentifier>
      <Extensions>rc;ico;cur;bmp;dlg;rc2;rct;bin;rgs;gif;jpg;jpeg;jpe;resx;tiff;tif;png;wav;mfcribbon-ms</Extensions>
    </Filter>
  </ItemGroup>
  <ItemGroup>
    <ClCompile Include="Operations.cpp">
      <Filter>Source Files</Filter>
    </ClCompile>
    <ClCompile Include="StorageManager\StorageManager.cpp">
      <Filter>Source Files</Filter>
    </ClCompile>
    <ClCompile Include="Source\Parser\createStatement.cpp">
      <Filter>Source Files</Filter>
    </ClCompile>
    <ClCompile Include="Source\Parser\deleteStatement.cpp">
      <Filter>Source Files</Filter>
    </ClCompile>
    <ClCompile Include="Source\Parser\dropStatement.cpp">
      <Filter>Source Files</Filter>
    </ClCompile>
    <ClCompile Include="Source\Parser\insertStatement.cpp">
      <Filter>Source Files</Filter>
    </ClCompile>
    <ClCompile Include="Source\Parser\parseTree.cpp">
      <Filter>Source Files</Filter>
    </ClCompile>
    <ClCompile Include="Source\Parser\statementTypesConstants.cpp">
      <Filter>Source Files</Filter>
    </ClCompile>
    <ClCompile Include="source\Query Executer\Executer.cpp">
      <Filter>Source Files</Filter>
    </ClCompile>
    <ClCompile Include="Source\Parser\selectStatement.cpp">
      <Filter>Source Files</Filter>
    </ClCompile>
    <ClCompile Include="Source\TinySQLInterpretor.cpp">
      <Filter>Source Files</Filter>
    </ClCompile>
  </ItemGroup>
  <ItemGroup>
    <ClInclude Include="StorageManager\Block.h">
      <Filter>Header Files</Filter>
    </ClInclude>
    <ClInclude Include="StorageManager\Config.h">
      <Filter>Header Files</Filter>
    </ClInclude>
    <ClInclude Include="StorageManager\Disk.h">
      <Filter>Header Files</Filter>
    </ClInclude>
    <ClInclude Include="StorageManager\Field.h">
      <Filter>Header Files</Filter>
    </ClInclude>
    <ClInclude Include="StorageManager\MainMemory.h">
      <Filter>Header Files</Filter>
    </ClInclude>
    <ClInclude Include="StorageManager\Relation.h">
      <Filter>Header Files</Filter>
    </ClInclude>
    <ClInclude Include="StorageManager\Schema.h">
      <Filter>Header Files</Filter>
    </ClInclude>
    <ClInclude Include="StorageManager\SchemaManager.h">
      <Filter>Header Files</Filter>
    </ClInclude>
    <ClInclude Include="StorageManager\Tuple.h">
      <Filter>Header Files</Filter>
    </ClInclude>
    <ClInclude Include="Constants.h">
      <Filter>Header Files</Filter>
    </ClInclude>
    <ClInclude Include="JoinCondition.h">
      <Filter>Header Files</Filter>
    </ClInclude>
    <ClInclude Include="Operand.h">
      <Filter>Header Files</Filter>
    </ClInclude>
    <ClInclude Include="Operations.h">
      <Filter>Header Files</Filter>
    </ClInclude>
    <ClInclude Include="Source\Parser\createStatement.h">
      <Filter>Header Files</Filter>
    </ClInclude>
    <ClInclude Include="Source\Parser\deleteStatement.h">
      <Filter>Header Files</Filter>
    </ClInclude>
    <ClInclude Include="Source\Parser\dropStatement.h">
      <Filter>Header Files</Filter>
    </ClInclude>
    <ClInclude Include="Source\Parser\insertStatement.h">
      <Filter>Header Files</Filter>
    </ClInclude>
    <ClInclude Include="Source\Parser\parseTree.h">
      <Filter>Header Files</Filter>
    </ClInclude>
    <ClInclude Include="Source\Parser\selectStatement.h">
      <Filter>Header Files</Filter>
    </ClInclude>
    <ClInclude Include="Source\Parser\statement.h">
      <Filter>Header Files</Filter>
    </ClInclude>
    <ClInclude Include="Source\Parser\statementTypesConstants.h">
      <Filter>Header Files</Filter>
    </ClInclude>
    <ClInclude Include="source\Query Executer\Executer.h">
      <Filter>Header Files</Filter>
    </ClInclude>
    <ClInclude Include="Source\TinySQLInterpretor.h">
      <Filter>Header Files</Filter>
    </ClInclude>
  </ItemGroup>
</Project>